
Microsoft Visual Studio Solution File, Format Version 12.00
# Visual Studio 15
VisualStudioVersion = 15.0.28307.539
MinimumVisualStudioVersion = 10.0.40219.1
Project("{FAE04EC0-301F-11D3-BF4B-00C04F79EFBC}") = "Diff Equ", "Diff Equ\Diff Equ.csproj", "{3EBF44C0-E6DE-45B6-9611-D6473CC6A96F}"
EndProject
Global
	GlobalSection(SolutionConfigurationPlatforms) = preSolution
		Debug|Any CPU = Debug|Any CPU
		Release|Any CPU = Release|Any CPU
	EndGlobalSection
	GlobalSection(ProjectConfigurationPlatforms) = postSolution
		{3EBF44C0-E6DE-45B6-9611-D6473CC6A96F}.Debug|Any CPU.ActiveCfg = Debug|Any CPU
		{3EBF44C0-E6DE-45B6-9611-D6473CC6A96F}.Debug|Any CPU.Build.0 = Debug|Any CPU
		{3EBF44C0-E6DE-45B6-9611-D6473CC6A96F}.Release|Any CPU.ActiveCfg = Release|Any CPU
		{3EBF44C0-E6DE-45B6-9611-D6473CC6A96F}.Release|Any CPU.Build.0 = Release|Any CPU
	EndGlobalSection
	GlobalSection(SolutionProperties) = preSolution
		HideSolutionNode = FALSE
	EndGlobalSection
	GlobalSection(ExtensibilityGlobals) = postSolution
		SolutionGuid = {D0991E0B-F09E-464D-B150-CF2573403AAE}
	EndGlobalSection
EndGlobal
