
Microsoft Visual Studio Solution File, Format Version 12.00
# Visual Studio 15
VisualStudioVersion = 15.0.28307.421
MinimumVisualStudioVersion = 10.0.40219.1
Project("{FAE04EC0-301F-11D3-BF4B-00C04F79EFBC}") = "Project_One", "Project_One\Project_One.csproj", "{45CF2677-2D62-4C68-932E-F427EE503AE5}"
EndProject
Global
	GlobalSection(SolutionConfigurationPlatforms) = preSolution
		Debug|Any CPU = Debug|Any CPU
		Release|Any CPU = Release|Any CPU
	EndGlobalSection
	GlobalSection(ProjectConfigurationPlatforms) = postSolution
		{45CF2677-2D62-4C68-932E-F427EE503AE5}.Debug|Any CPU.ActiveCfg = Debug|Any CPU
		{45CF2677-2D62-4C68-932E-F427EE503AE5}.Debug|Any CPU.Build.0 = Debug|Any CPU
		{45CF2677-2D62-4C68-932E-F427EE503AE5}.Release|Any CPU.ActiveCfg = Release|Any CPU
		{45CF2677-2D62-4C68-932E-F427EE503AE5}.Release|Any CPU.Build.0 = Release|Any CPU
	EndGlobalSection
	GlobalSection(SolutionProperties) = preSolution
		HideSolutionNode = FALSE
	EndGlobalSection
	GlobalSection(ExtensibilityGlobals) = postSolution
		SolutionGuid = {750328E4-5DB1-44BC-AD87-8CC456CA9BD6}
	EndGlobalSection
EndGlobal
