
Microsoft Visual Studio Solution File, Format Version 12.00
# Visual Studio 15
VisualStudioVersion = 15.0.28307.329
MinimumVisualStudioVersion = 10.0.40219.1
Project("{FAE04EC0-301F-11D3-BF4B-00C04F79EFBC}") = "Interpolation", "Interpolation\Interpolation.csproj", "{01E281AA-6A88-4895-B99A-8A0AC8C56718}"
EndProject
Global
	GlobalSection(SolutionConfigurationPlatforms) = preSolution
		Debug|Any CPU = Debug|Any CPU
		Release|Any CPU = Release|Any CPU
	EndGlobalSection
	GlobalSection(ProjectConfigurationPlatforms) = postSolution
		{01E281AA-6A88-4895-B99A-8A0AC8C56718}.Debug|Any CPU.ActiveCfg = Debug|Any CPU
		{01E281AA-6A88-4895-B99A-8A0AC8C56718}.Debug|Any CPU.Build.0 = Debug|Any CPU
		{01E281AA-6A88-4895-B99A-8A0AC8C56718}.Release|Any CPU.ActiveCfg = Release|Any CPU
		{01E281AA-6A88-4895-B99A-8A0AC8C56718}.Release|Any CPU.Build.0 = Release|Any CPU
	EndGlobalSection
	GlobalSection(SolutionProperties) = preSolution
		HideSolutionNode = FALSE
	EndGlobalSection
	GlobalSection(ExtensibilityGlobals) = postSolution
		SolutionGuid = {64AD54D0-2976-4684-8EDB-647C2F1610B0}
	EndGlobalSection
EndGlobal
